// !$*UTF8*$!
{
	archiveVersion = 1;
	classes = {
	};
	objectVersion = 50;
	objects = {

/* Begin PBXBuildFile section */
		FEFEE91123CC54C9006FE82B /* AppDelegate.swift in Sources */ = {isa = PBXBuildFile; fileRef = FEFEE91023CC54C9006FE82B /* AppDelegate.swift */; };
		FEFEE91323CC54C9006FE82B /* ViewController.swift in Sources */ = {isa = PBXBuildFile; fileRef = FEFEE91223CC54C9006FE82B /* ViewController.swift */; };
		FEFEE91623CC54C9006FE82B /* Main.storyboard in Resources */ = {isa = PBXBuildFile; fileRef = FEFEE91423CC54C9006FE82B /* Main.storyboard */; };
		FEFEE91823CC54CA006FE82B /* Assets.xcassets in Resources */ = {isa = PBXBuildFile; fileRef = FEFEE91723CC54CA006FE82B /* Assets.xcassets */; };
		FEFEE91B23CC54CA006FE82B /* LaunchScreen.storyboard in Resources */ = {isa = PBXBuildFile; fileRef = FEFEE91923CC54CA006FE82B /* LaunchScreen.storyboard */; };
		FEFEE92623CC54CA006FE82B /* JapaneseRubyTextViewerTests.swift in Sources */ = {isa = PBXBuildFile; fileRef = FEFEE92523CC54CA006FE82B /* JapaneseRubyTextViewerTests.swift */; };
		FEFEE93123CC54CA006FE82B /* JapaneseRubyTextViewerUITests.swift in Sources */ = {isa = PBXBuildFile; fileRef = FEFEE93023CC54CA006FE82B /* JapaneseRubyTextViewerUITests.swift */; };
		FEFEE93F23CC5F6E006FE82B /* HiraganaData.swift in Sources */ = {isa = PBXBuildFile; fileRef = FEFEE93E23CC5F6E006FE82B /* HiraganaData.swift */; };
		FEFEE94123CC5F8E006FE82B /* HiraganaSingleton.swift in Sources */ = {isa = PBXBuildFile; fileRef = FEFEE94023CC5F8E006FE82B /* HiraganaSingleton.swift */; };
		FEFEE94323CC600B006FE82B /* Alert.swift in Sources */ = {isa = PBXBuildFile; fileRef = FEFEE94223CC600B006FE82B /* Alert.swift */; };
		FEFEE94523CC6080006FE82B /* URLRequestController.swift in Sources */ = {isa = PBXBuildFile; fileRef = FEFEE94423CC6080006FE82B /* URLRequestController.swift */; };
/* End PBXBuildFile section */

/* Begin PBXContainerItemProxy section */
		FEFEE92223CC54CA006FE82B /* PBXContainerItemProxy */ = {
			isa = PBXContainerItemProxy;
			containerPortal = FEFEE90523CC54C9006FE82B /* Project object */;
			proxyType = 1;
			remoteGlobalIDString = FEFEE90C23CC54C9006FE82B;
			remoteInfo = JapaneseRubyTextViewer;
		};
		FEFEE92D23CC54CA006FE82B /* PBXContainerItemProxy */ = {
			isa = PBXContainerItemProxy;
			containerPortal = FEFEE90523CC54C9006FE82B /* Project object */;
			proxyType = 1;
			remoteGlobalIDString = FEFEE90C23CC54C9006FE82B;
			remoteInfo = JapaneseRubyTextViewer;
		};
/* End PBXContainerItemProxy section */

/* Begin PBXFileReference section */
		FEFEE90D23CC54C9006FE82B /* JapaneseRubyTextViewer.app */ = {isa = PBXFileReference; explicitFileType = wrapper.application; includeInIndex = 0; path = JapaneseRubyTextViewer.app; sourceTree = BUILT_PRODUCTS_DIR; };
		FEFEE91023CC54C9006FE82B /* AppDelegate.swift */ = {isa = PBXFileReference; lastKnownFileType = sourcecode.swift; path = AppDelegate.swift; sourceTree = "<group>"; };
		FEFEE91223CC54C9006FE82B /* ViewController.swift */ = {isa = PBXFileReference; lastKnownFileType = sourcecode.swift; path = ViewController.swift; sourceTree = "<group>"; };
		FEFEE91523CC54C9006FE82B /* Base */ = {isa = PBXFileReference; lastKnownFileType = file.storyboard; name = Base; path = Base.lproj/Main.storyboard; sourceTree = "<group>"; };
		FEFEE91723CC54CA006FE82B /* Assets.xcassets */ = {isa = PBXFileReference; lastKnownFileType = folder.assetcatalog; path = Assets.xcassets; sourceTree = "<group>"; };
		FEFEE91A23CC54CA006FE82B /* Base */ = {isa = PBXFileReference; lastKnownFileType = file.storyboard; name = Base; path = Base.lproj/LaunchScreen.storyboard; sourceTree = "<group>"; };
		FEFEE91C23CC54CA006FE82B /* Info.plist */ = {isa = PBXFileReference; lastKnownFileType = text.plist.xml; path = Info.plist; sourceTree = "<group>"; };
		FEFEE92123CC54CA006FE82B /* JapaneseRubyTextViewerTests.xctest */ = {isa = PBXFileReference; explicitFileType = wrapper.cfbundle; includeInIndex = 0; path = JapaneseRubyTextViewerTests.xctest; sourceTree = BUILT_PRODUCTS_DIR; };
		FEFEE92523CC54CA006FE82B /* JapaneseRubyTextViewerTests.swift */ = {isa = PBXFileReference; lastKnownFileType = sourcecode.swift; path = JapaneseRubyTextViewerTests.swift; sourceTree = "<group>"; };
		FEFEE92723CC54CA006FE82B /* Info.plist */ = {isa = PBXFileReference; lastKnownFileType = text.plist.xml; path = Info.plist; sourceTree = "<group>"; };
		FEFEE92C23CC54CA006FE82B /* JapaneseRubyTextViewerUITests.xctest */ = {isa = PBXFileReference; explicitFileType = wrapper.cfbundle; includeInIndex = 0; path = JapaneseRubyTextViewerUITests.xctest; sourceTree = BUILT_PRODUCTS_DIR; };
		FEFEE93023CC54CA006FE82B /* JapaneseRubyTextViewerUITests.swift */ = {isa = PBXFileReference; lastKnownFileType = sourcecode.swift; path = JapaneseRubyTextViewerUITests.swift; sourceTree = "<group>"; };
		FEFEE93223CC54CA006FE82B /* Info.plist */ = {isa = PBXFileReference; lastKnownFileType = text.plist.xml; path = Info.plist; sourceTree = "<group>"; };
		FEFEE93E23CC5F6E006FE82B /* HiraganaData.swift */ = {isa = PBXFileReference; lastKnownFileType = sourcecode.swift; path = HiraganaData.swift; sourceTree = "<group>"; };
		FEFEE94023CC5F8E006FE82B /* HiraganaSingleton.swift */ = {isa = PBXFileReference; lastKnownFileType = sourcecode.swift; path = HiraganaSingleton.swift; sourceTree = "<group>"; };
		FEFEE94223CC600B006FE82B /* Alert.swift */ = {isa = PBXFileReference; lastKnownFileType = sourcecode.swift; path = Alert.swift; sourceTree = "<group>"; };
		FEFEE94423CC6080006FE82B /* URLRequestController.swift */ = {isa = PBXFileReference; lastKnownFileType = sourcecode.swift; path = URLRequestController.swift; sourceTree = "<group>"; };
/* End PBXFileReference section */

/* Begin PBXFrameworksBuildPhase section */
		FEFEE90A23CC54C9006FE82B /* Frameworks */ = {
			isa = PBXFrameworksBuildPhase;
			buildActionMask = 2147483647;
			files = (
			);
			runOnlyForDeploymentPostprocessing = 0;
		};
		FEFEE91E23CC54CA006FE82B /* Frameworks */ = {
			isa = PBXFrameworksBuildPhase;
			buildActionMask = 2147483647;
			files = (
			);
			runOnlyForDeploymentPostprocessing = 0;
		};
		FEFEE92923CC54CA006FE82B /* Frameworks */ = {
			isa = PBXFrameworksBuildPhase;
			buildActionMask = 2147483647;
			files = (
			);
			runOnlyForDeploymentPostprocessing = 0;
		};
/* End PBXFrameworksBuildPhase section */

/* Begin PBXGroup section */
		FEFEE90423CC54C9006FE82B = {
			isa = PBXGroup;
			children = (
				FEFEE90F23CC54C9006FE82B /* JapaneseRubyTextViewer */,
				FEFEE92423CC54CA006FE82B /* JapaneseRubyTextViewerTests */,
				FEFEE92F23CC54CA006FE82B /* JapaneseRubyTextViewerUITests */,
				FEFEE90E23CC54C9006FE82B /* Products */,
			);
			sourceTree = "<group>";
		};
		FEFEE90E23CC54C9006FE82B /* Products */ = {
			isa = PBXGroup;
			children = (
				FEFEE90D23CC54C9006FE82B /* JapaneseRubyTextViewer.app */,
				FEFEE92123CC54CA006FE82B /* JapaneseRubyTextViewerTests.xctest */,
				FEFEE92C23CC54CA006FE82B /* JapaneseRubyTextViewerUITests.xctest */,
			);
			name = Products;
			sourceTree = "<group>";
		};
		FEFEE90F23CC54C9006FE82B /* JapaneseRubyTextViewer */ = {
			isa = PBXGroup;
			children = (
				FEFEE91023CC54C9006FE82B /* AppDelegate.swift */,
				FEFEE91223CC54C9006FE82B /* ViewController.swift */,
				FEFEE91423CC54C9006FE82B /* Main.storyboard */,
				FEFEE91723CC54CA006FE82B /* Assets.xcassets */,
				FEFEE91923CC54CA006FE82B /* LaunchScreen.storyboard */,
				FEFEE91C23CC54CA006FE82B /* Info.plist */,
				FEFEE93E23CC5F6E006FE82B /* HiraganaData.swift */,
				FEFEE94023CC5F8E006FE82B /* HiraganaSingleton.swift */,
				FEFEE94223CC600B006FE82B /* Alert.swift */,
				FEFEE94423CC6080006FE82B /* URLRequestController.swift */,
			);
			path = JapaneseRubyTextViewer;
			sourceTree = "<group>";
		};
		FEFEE92423CC54CA006FE82B /* JapaneseRubyTextViewerTests */ = {
			isa = PBXGroup;
			children = (
				FEFEE92523CC54CA006FE82B /* JapaneseRubyTextViewerTests.swift */,
				FEFEE92723CC54CA006FE82B /* Info.plist */,
			);
			path = JapaneseRubyTextViewerTests;
			sourceTree = "<group>";
		};
		FEFEE92F23CC54CA006FE82B /* JapaneseRubyTextViewerUITests */ = {
			isa = PBXGroup;
			children = (
				FEFEE93023CC54CA006FE82B /* JapaneseRubyTextViewerUITests.swift */,
				FEFEE93223CC54CA006FE82B /* Info.plist */,
			);
			path = JapaneseRubyTextViewerUITests;
			sourceTree = "<group>";
		};
/* End PBXGroup section */

/* Begin PBXNativeTarget section */
		FEFEE90C23CC54C9006FE82B /* JapaneseRubyTextViewer */ = {
			isa = PBXNativeTarget;
			buildConfigurationList = FEFEE93523CC54CA006FE82B /* Build configuration list for PBXNativeTarget "JapaneseRubyTextViewer" */;
			buildPhases = (
				FEFEE90923CC54C9006FE82B /* Sources */,
				FEFEE90A23CC54C9006FE82B /* Frameworks */,
				FEFEE90B23CC54C9006FE82B /* Resources */,
			);
			buildRules = (
			);
			dependencies = (
			);
			name = JapaneseRubyTextViewer;
			productName = JapaneseRubyTextViewer;
			productReference = FEFEE90D23CC54C9006FE82B /* JapaneseRubyTextViewer.app */;
			productType = "com.apple.product-type.application";
		};
		FEFEE92023CC54CA006FE82B /* JapaneseRubyTextViewerTests */ = {
			isa = PBXNativeTarget;
			buildConfigurationList = FEFEE93823CC54CA006FE82B /* Build configuration list for PBXNativeTarget "JapaneseRubyTextViewerTests" */;
			buildPhases = (
				FEFEE91D23CC54CA006FE82B /* Sources */,
				FEFEE91E23CC54CA006FE82B /* Frameworks */,
				FEFEE91F23CC54CA006FE82B /* Resources */,
			);
			buildRules = (
			);
			dependencies = (
				FEFEE92323CC54CA006FE82B /* PBXTargetDependency */,
			);
			name = JapaneseRubyTextViewerTests;
			productName = JapaneseRubyTextViewerTests;
			productReference = FEFEE92123CC54CA006FE82B /* JapaneseRubyTextViewerTests.xctest */;
			productType = "com.apple.product-type.bundle.unit-test";
		};
		FEFEE92B23CC54CA006FE82B /* JapaneseRubyTextViewerUITests */ = {
			isa = PBXNativeTarget;
			buildConfigurationList = FEFEE93B23CC54CA006FE82B /* Build configuration list for PBXNativeTarget "JapaneseRubyTextViewerUITests" */;
			buildPhases = (
				FEFEE92823CC54CA006FE82B /* Sources */,
				FEFEE92923CC54CA006FE82B /* Frameworks */,
				FEFEE92A23CC54CA006FE82B /* Resources */,
			);
			buildRules = (
			);
			dependencies = (
				FEFEE92E23CC54CA006FE82B /* PBXTargetDependency */,
			);
			name = JapaneseRubyTextViewerUITests;
			productName = JapaneseRubyTextViewerUITests;
			productReference = FEFEE92C23CC54CA006FE82B /* JapaneseRubyTextViewerUITests.xctest */;
			productType = "com.apple.product-type.bundle.ui-testing";
		};
/* End PBXNativeTarget section */

/* Begin PBXProject section */
		FEFEE90523CC54C9006FE82B /* Project object */ = {
			isa = PBXProject;
			attributes = {
				LastSwiftUpdateCheck = 1020;
				LastUpgradeCheck = 1020;
				ORGANIZATIONNAME = mini2019;
				TargetAttributes = {
					FEFEE90C23CC54C9006FE82B = {
						CreatedOnToolsVersion = 10.2;
					};
					FEFEE92023CC54CA006FE82B = {
						CreatedOnToolsVersion = 10.2;
						TestTargetID = FEFEE90C23CC54C9006FE82B;
					};
					FEFEE92B23CC54CA006FE82B = {
						CreatedOnToolsVersion = 10.2;
						TestTargetID = FEFEE90C23CC54C9006FE82B;
					};
				};
			};
			buildConfigurationList = FEFEE90823CC54C9006FE82B /* Build configuration list for PBXProject "JapaneseRubyTextViewer" */;
			compatibilityVersion = "Xcode 9.3";
			developmentRegion = en;
			hasScannedForEncodings = 0;
			knownRegions = (
				en,
				Base,
			);
			mainGroup = FEFEE90423CC54C9006FE82B;
			productRefGroup = FEFEE90E23CC54C9006FE82B /* Products */;
			projectDirPath = "";
			projectRoot = "";
			targets = (
				FEFEE90C23CC54C9006FE82B /* JapaneseRubyTextViewer */,
				FEFEE92023CC54CA006FE82B /* JapaneseRubyTextViewerTests */,
				FEFEE92B23CC54CA006FE82B /* JapaneseRubyTextViewerUITests */,
			);
		};
/* End PBXProject section */

/* Begin PBXResourcesBuildPhase section */
		FEFEE90B23CC54C9006FE82B /* Resources */ = {
			isa = PBXResourcesBuildPhase;
			buildActionMask = 2147483647;
			files = (
				FEFEE91B23CC54CA006FE82B /* LaunchScreen.storyboard in Resources */,
				FEFEE91823CC54CA006FE82B /* Assets.xcassets in Resources */,
				FEFEE91623CC54C9006FE82B /* Main.storyboard in Resources */,
			);
			runOnlyForDeploymentPostprocessing = 0;
		};
		FEFEE91F23CC54CA006FE82B /* Resources */ = {
			isa = PBXResourcesBuildPhase;
			buildActionMask = 2147483647;
			files = (
			);
			runOnlyForDeploymentPostprocessing = 0;
		};
		FEFEE92A23CC54CA006FE82B /* Resources */ = {
			isa = PBXResourcesBuildPhase;
			buildActionMask = 2147483647;
			files = (
			);
			runOnlyForDeploymentPostprocessing = 0;
		};
/* End PBXResourcesBuildPhase section */

/* Begin PBXSourcesBuildPhase section */
		FEFEE90923CC54C9006FE82B /* Sources */ = {
			isa = PBXSourcesBuildPhase;
			buildActionMask = 2147483647;
			files = (
				FEFEE94123CC5F8E006FE82B /* HiraganaSingleton.swift in Sources */,
				FEFEE91323CC54C9006FE82B /* ViewController.swift in Sources */,
				FEFEE91123CC54C9006FE82B /* AppDelegate.swift in Sources */,
				FEFEE94523CC6080006FE82B /* URLRequestController.swift in Sources */,
				FEFEE94323CC600B006FE82B /* Alert.swift in Sources */,
				FEFEE93F23CC5F6E006FE82B /* HiraganaData.swift in Sources */,
			);
			runOnlyForDeploymentPostprocessing = 0;
		};
		FEFEE91D23CC54CA006FE82B /* Sources */ = {
			isa = PBXSourcesBuildPhase;
			buildActionMask = 2147483647;
			files = (
				FEFEE92623CC54CA006FE82B /* JapaneseRubyTextViewerTests.swift in Sources */,
			);
			runOnlyForDeploymentPostprocessing = 0;
		};
		FEFEE92823CC54CA006FE82B /* Sources */ = {
			isa = PBXSourcesBuildPhase;
			buildActionMask = 2147483647;
			files = (
				FEFEE93123CC54CA006FE82B /* JapaneseRubyTextViewerUITests.swift in Sources */,
			);
			runOnlyForDeploymentPostprocessing = 0;
		};
/* End PBXSourcesBuildPhase section */

/* Begin PBXTargetDependency section */
		FEFEE92323CC54CA006FE82B /* PBXTargetDependency */ = {
			isa = PBXTargetDependency;
			target = FEFEE90C23CC54C9006FE82B /* JapaneseRubyTextViewer */;
			targetProxy = FEFEE92223CC54CA006FE82B /* PBXContainerItemProxy */;
		};
		FEFEE92E23CC54CA006FE82B /* PBXTargetDependency */ = {
			isa = PBXTargetDependency;
			target = FEFEE90C23CC54C9006FE82B /* JapaneseRubyTextViewer */;
			targetProxy = FEFEE92D23CC54CA006FE82B /* PBXContainerItemProxy */;
		};
/* End PBXTargetDependency section */

/* Begin PBXVariantGroup section */
		FEFEE91423CC54C9006FE82B /* Main.storyboard */ = {
			isa = PBXVariantGroup;
			children = (
				FEFEE91523CC54C9006FE82B /* Base */,
			);
			name = Main.storyboard;
			sourceTree = "<group>";
		};
		FEFEE91923CC54CA006FE82B /* LaunchScreen.storyboard */ = {
			isa = PBXVariantGroup;
			children = (
				FEFEE91A23CC54CA006FE82B /* Base */,
			);
			name = LaunchScreen.storyboard;
			sourceTree = "<group>";
		};
/* End PBXVariantGroup section */

/* Begin XCBuildConfiguration section */
		FEFEE93323CC54CA006FE82B /* Debug */ = {
			isa = XCBuildConfiguration;
			buildSettings = {
				ALWAYS_SEARCH_USER_PATHS = NO;
				CLANG_ANALYZER_NONNULL = YES;
				CLANG_ANALYZER_NUMBER_OBJECT_CONVERSION = YES_AGGRESSIVE;
				CLANG_CXX_LANGUAGE_STANDARD = "gnu++14";
				CLANG_CXX_LIBRARY = "libc++";
				CLANG_ENABLE_MODULES = YES;
				CLANG_ENABLE_OBJC_ARC = YES;
				CLANG_ENABLE_OBJC_WEAK = YES;
				CLANG_WARN_BLOCK_CAPTURE_AUTORELEASING = YES;
				CLANG_WARN_BOOL_CONVERSION = YES;
				CLANG_WARN_COMMA = YES;
				CLANG_WARN_CONSTANT_CONVERSION = YES;
				CLANG_WARN_DEPRECATED_OBJC_IMPLEMENTATIONS = YES;
				CLANG_WARN_DIRECT_OBJC_ISA_USAGE = YES_ERROR;
				CLANG_WARN_DOCUMENTATION_COMMENTS = YES;
				CLANG_WARN_EMPTY_BODY = YES;
				CLANG_WARN_ENUM_CONVERSION = YES;
				CLANG_WARN_INFINITE_RECURSION = YES;
				CLANG_WARN_INT_CONVERSION = YES;
				CLANG_WARN_NON_LITERAL_NULL_CONVERSION = YES;
				CLANG_WARN_OBJC_IMPLICIT_RETAIN_SELF = YES;
				CLANG_WARN_OBJC_LITERAL_CONVERSION = YES;
				CLANG_WARN_OBJC_ROOT_CLASS = YES_ERROR;
				CLANG_WARN_RANGE_LOOP_ANALYSIS = YES;
				CLANG_WARN_STRICT_PROTOTYPES = YES;
				CLANG_WARN_SUSPICIOUS_MOVE = YES;
				CLANG_WARN_UNGUARDED_AVAILABILITY = YES_AGGRESSIVE;
				CLANG_WARN_UNREACHABLE_CODE = YES;
				CLANG_WARN__DUPLICATE_METHOD_MATCH = YES;
				CODE_SIGN_IDENTITY = "iPhone Developer";
				COPY_PHASE_STRIP = NO;
				DEBUG_INFORMATION_FORMAT = dwarf;
				ENABLE_STRICT_OBJC_MSGSEND = YES;
				ENABLE_TESTABILITY = YES;
				GCC_C_LANGUAGE_STANDARD = gnu11;
				GCC_DYNAMIC_NO_PIC = NO;
				GCC_NO_COMMON_BLOCKS = YES;
				GCC_OPTIMIZATION_LEVEL = 0;
				GCC_PREPROCESSOR_DEFINITIONS = (
					"DEBUG=1",
					"$(inherited)",
				);
				GCC_WARN_64_TO_32_BIT_CONVERSION = YES;
				GCC_WARN_ABOUT_RETURN_TYPE = YES_ERROR;
				GCC_WARN_UNDECLARED_SELECTOR = YES;
				GCC_WARN_UNINITIALIZED_AUTOS = YES_AGGRESSIVE;
				GCC_WARN_UNUSED_FUNCTION = YES;
				GCC_WARN_UNUSED_VARIABLE = YES;
				IPHONEOS_DEPLOYMENT_TARGET = 12.2;
				MTL_ENABLE_DEBUG_INFO = INCLUDE_SOURCE;
				MTL_FAST_MATH = YES;
				ONLY_ACTIVE_ARCH = YES;
				SDKROOT = iphoneos;
				SWIFT_ACTIVE_COMPILATION_CONDITIONS = DEBUG;
				SWIFT_OPTIMIZATION_LEVEL = "-Onone";
			};
			name = Debug;
		};
		FEFEE93423CC54CA006FE82B /* Release */ = {
			isa = XCBuildConfiguration;
			buildSettings = {
				ALWAYS_SEARCH_USER_PATHS = NO;
				CLANG_ANALYZER_NONNULL = YES;
				CLANG_ANALYZER_NUMBER_OBJECT_CONVERSION = YES_AGGRESSIVE;
				CLANG_CXX_LANGUAGE_STANDARD = "gnu++14";
				CLANG_CXX_LIBRARY = "libc++";
				CLANG_ENABLE_MODULES = YES;
				CLANG_ENABLE_OBJC_ARC = YES;
				CLANG_ENABLE_OBJC_WEAK = YES;
				CLANG_WARN_BLOCK_CAPTURE_AUTORELEASING = YES;
				CLANG_WARN_BOOL_CONVERSION = YES;
				CLANG_WARN_COMMA = YES;
				CLANG_WARN_CONSTANT_CONVERSION = YES;
				CLANG_WARN_DEPRECATED_OBJC_IMPLEMENTATIONS = YES;
				CLANG_WARN_DIRECT_OBJC_ISA_USAGE = YES_ERROR;
				CLANG_WARN_DOCUMENTATION_COMMENTS = YES;
				CLANG_WARN_EMPTY_BODY = YES;
				CLANG_WARN_ENUM_CONVERSION = YES;
				CLANG_WARN_INFINITE_RECURSION = YES;
				CLANG_WARN_INT_CONVERSION = YES;
				CLANG_WARN_NON_LITERAL_NULL_CONVERSION = YES;
				CLANG_WARN_OBJC_IMPLICIT_RETAIN_SELF = YES;
				CLANG_WARN_OBJC_LITERAL_CONVERSION = YES;
				CLANG_WARN_OBJC_ROOT_CLASS = YES_ERROR;
				CLANG_WARN_RANGE_LOOP_ANALYSIS = YES;
				CLANG_WARN_STRICT_PROTOTYPES = YES;
				CLANG_WARN_SUSPICIOUS_MOVE = YES;
				CLANG_WARN_UNGUARDED_AVAILABILITY = YES_AGGRESSIVE;
				CLANG_WARN_UNREACHABLE_CODE = YES;
				CLANG_WARN__DUPLICATE_METHOD_MATCH = YES;
				CODE_SIGN_IDENTITY = "iPhone Developer";
				COPY_PHASE_STRIP = NO;
				DEBUG_INFORMATION_FORMAT = "dwarf-with-dsym";
				ENABLE_NS_ASSERTIONS = NO;
				ENABLE_STRICT_OBJC_MSGSEND = YES;
				GCC_C_LANGUAGE_STANDARD = gnu11;
				GCC_NO_COMMON_BLOCKS = YES;
				GCC_WARN_64_TO_32_BIT_CONVERSION = YES;
				GCC_WARN_ABOUT_RETURN_TYPE = YES_ERROR;
				GCC_WARN_UNDECLARED_SELECTOR = YES;
				GCC_WARN_UNINITIALIZED_AUTOS = YES_AGGRESSIVE;
				GCC_WARN_UNUSED_FUNCTION = YES;
				GCC_WARN_UNUSED_VARIABLE = YES;
				IPHONEOS_DEPLOYMENT_TARGET = 12.2;
				MTL_ENABLE_DEBUG_INFO = NO;
				MTL_FAST_MATH = YES;
				SDKROOT = iphoneos;
				SWIFT_COMPILATION_MODE = wholemodule;
				SWIFT_OPTIMIZATION_LEVEL = "-O";
				VALIDATE_PRODUCT = YES;
			};
			name = Release;
		};
		FEFEE93623CC54CA006FE82B /* Debug */ = {
			isa = XCBuildConfiguration;
			buildSettings = {
				ASSETCATALOG_COMPILER_APPICON_NAME = AppIcon;
				CODE_SIGN_STYLE = Automatic;
				DEVELOPMENT_TEAM = CR5M4M4785;
				INFOPLIST_FILE = JapaneseRubyTextViewer/Info.plist;
				LD_RUNPATH_SEARCH_PATHS = (
					"$(inherited)",
					"@executable_path/Frameworks",
				);
				PRODUCT_BUNDLE_IDENTIFIER = ksknko.JapaneseRubyTextViewer;
				PRODUCT_NAME = "$(TARGET_NAME)";
				SWIFT_VERSION = 5.0;
				TARGETED_DEVICE_FAMILY = "1,2";
			};
			name = Debug;
		};
		FEFEE93723CC54CA006FE82B /* Release */ = {
			isa = XCBuildConfiguration;
			buildSettings = {
				ASSETCATALOG_COMPILER_APPICON_NAME = AppIcon;
				CODE_SIGN_STYLE = Automatic;
				DEVELOPMENT_TEAM = CR5M4M4785;
				INFOPLIST_FILE = JapaneseRubyTextViewer/Info.plist;
				LD_RUNPATH_SEARCH_PATHS = (
					"$(inherited)",
					"@executable_path/Frameworks",
				);
				PRODUCT_BUNDLE_IDENTIFIER = ksknko.JapaneseRubyTextViewer;
				PRODUCT_NAME = "$(TARGET_NAME)";
				SWIFT_VERSION = 5.0;
				TARGETED_DEVICE_FAMILY = "1,2";
			};
			name = Release;
		};
		FEFEE93923CC54CA006FE82B /* Debug */ = {
			isa = XCBuildConfiguration;
			buildSettings = {
				ALWAYS_EMBED_SWIFT_STANDARD_LIBRARIES = YES;
				BUNDLE_LOADER = "$(TEST_HOST)";
				CODE_SIGN_STYLE = Automatic;
				DEVELOPMENT_TEAM = CR5M4M4785;
				INFOPLIST_FILE = JapaneseRubyTextViewerTests/Info.plist;
				LD_RUNPATH_SEARCH_PATHS = (
					"$(inherited)",
					"@executable_path/Frameworks",
					"@loader_path/Frameworks",
				);
				PRODUCT_BUNDLE_IDENTIFIER = ksknko.JapaneseRubyTextViewerTests;
				PRODUCT_NAME = "$(TARGET_NAME)";
				SWIFT_VERSION = 5.0;
				TARGETED_DEVICE_FAMILY = "1,2";
				TEST_HOST = "$(BUILT_PRODUCTS_DIR)/JapaneseRubyTextViewer.app/JapaneseRubyTextViewer";
			};
			name = Debug;
		};
		FEFEE93A23CC54CA006FE82B /* Release */ = {
			isa = XCBuildConfiguration;
			buildSettings = {
				ALWAYS_EMBED_SWIFT_STANDARD_LIBRARIES = YES;
				BUNDLE_LOADER = "$(TEST_HOST)";
				CODE_SIGN_STYLE = Automatic;
				DEVELOPMENT_TEAM = CR5M4M4785;
				INFOPLIST_FILE = JapaneseRubyTextViewerTests/Info.plist;
				LD_RUNPATH_SEARCH_PATHS = (
					"$(inherited)",
					"@executable_path/Frameworks",
					"@loader_path/Frameworks",
				);
				PRODUCT_BUNDLE_IDENTIFIER = ksknko.JapaneseRubyTextViewerTests;
				PRODUCT_NAME = "$(TARGET_NAME)";
				SWIFT_VERSION = 5.0;
				TARGETED_DEVICE_FAMILY = "1,2";
				TEST_HOST = "$(BUILT_PRODUCTS_DIR)/JapaneseRubyTextViewer.app/JapaneseRubyTextViewer";
			};
			name = Release;
		};
		FEFEE93C23CC54CA006FE82B /* Debug */ = {
			isa = XCBuildConfiguration;
			buildSettings = {
				ALWAYS_EMBED_SWIFT_STANDARD_LIBRARIES = YES;
				CODE_SIGN_STYLE = Automatic;
				DEVELOPMENT_TEAM = CR5M4M4785;
				INFOPLIST_FILE = JapaneseRubyTextViewerUITests/Info.plist;
				LD_RUNPATH_SEARCH_PATHS = (
					"$(inherited)",
					"@executable_path/Frameworks",
					"@loader_path/Frameworks",
				);
				PRODUCT_BUNDLE_IDENTIFIER = ksknko.JapaneseRubyTextViewerUITests;
				PRODUCT_NAME = "$(TARGET_NAME)";
				SWIFT_VERSION = 5.0;
				TARGETED_DEVICE_FAMILY = "1,2";
				TEST_TARGET_NAME = JapaneseRubyTextViewer;
			};
			name = Debug;
		};
		FEFEE93D23CC54CA006FE82B /* Release */ = {
			isa = XCBuildConfiguration;
			buildSettings = {
				ALWAYS_EMBED_SWIFT_STANDARD_LIBRARIES = YES;
				CODE_SIGN_STYLE = Automatic;
				DEVELOPMENT_TEAM = CR5M4M4785;
				INFOPLIST_FILE = JapaneseRubyTextViewerUITests/Info.plist;
				LD_RUNPATH_SEARCH_PATHS = (
					"$(inherited)",
					"@executable_path/Frameworks",
					"@loader_path/Frameworks",
				);
				PRODUCT_BUNDLE_IDENTIFIER = ksknko.JapaneseRubyTextViewerUITests;
				PRODUCT_NAME = "$(TARGET_NAME)";
				SWIFT_VERSION = 5.0;
				TARGETED_DEVICE_FAMILY = "1,2";
				TEST_TARGET_NAME = JapaneseRubyTextViewer;
			};
			name = Release;
		};
/* End XCBuildConfiguration section */

/* Begin XCConfigurationList section */
		FEFEE90823CC54C9006FE82B /* Build configuration list for PBXProject "JapaneseRubyTextViewer" */ = {
			isa = XCConfigurationList;
			buildConfigurations = (
				FEFEE93323CC54CA006FE82B /* Debug */,
				FEFEE93423CC54CA006FE82B /* Release */,
			);
			defaultConfigurationIsVisible = 0;
			defaultConfigurationName = Release;
		};
		FEFEE93523CC54CA006FE82B /* Build configuration list for PBXNativeTarget "JapaneseRubyTextViewer" */ = {
			isa = XCConfigurationList;
			buildConfigurations = (
				FEFEE93623CC54CA006FE82B /* Debug */,
				FEFEE93723CC54CA006FE82B /* Release */,
			);
			defaultConfigurationIsVisible = 0;
			defaultConfigurationName = Release;
		};
		FEFEE93823CC54CA006FE82B /* Build configuration list for PBXNativeTarget "JapaneseRubyTextViewerTests" */ = {
			isa = XCConfigurationList;
			buildConfigurations = (
				FEFEE93923CC54CA006FE82B /* Debug */,
				FEFEE93A23CC54CA006FE82B /* Release */,
			);
			defaultConfigurationIsVisible = 0;
			defaultConfigurationName = Release;
		};
		FEFEE93B23CC54CA006FE82B /* Build configuration list for PBXNativeTarget "JapaneseRubyTextViewerUITests" */ = {
			isa = XCConfigurationList;
			buildConfigurations = (
				FEFEE93C23CC54CA006FE82B /* Debug */,
				FEFEE93D23CC54CA006FE82B /* Release */,
			);
			defaultConfigurationIsVisible = 0;
			defaultConfigurationName = Release;
		};
/* End XCConfigurationList section */
	};
	rootObject = FEFEE90523CC54C9006FE82B /* Project object */;
}
